// !$*UTF8*$!
{
	archiveVersion = 1;
	classes = {
	};
	objectVersion = 55;
	objects = {

/* Begin PBXBuildFile section */
		A44C17F6289FFFFF0076EBBE /* TicTacToeOnlineApp.swift in Sources */ = {isa = PBXBuildFile; fileRef = A44C17F5289FFFFF0076EBBE /* TicTacToeOnlineApp.swift */; };
		A44C17F8289FFFFF0076EBBE /* HomeView.swift in Sources */ = {isa = PBXBuildFile; fileRef = A44C17F7289FFFFF0076EBBE /* HomeView.swift */; };
		A44C17FA28A000020076EBBE /* Assets.xcassets in Resources */ = {isa = PBXBuildFile; fileRef = A44C17F928A000020076EBBE /* Assets.xcassets */; };
		A44C17FD28A000020076EBBE /* Preview Assets.xcassets in Resources */ = {isa = PBXBuildFile; fileRef = A44C17FC28A000020076EBBE /* Preview Assets.xcassets */; };
		A48F6DF328A002E300C85408 /* GameView.swift in Sources */ = {isa = PBXBuildFile; fileRef = A48F6DF228A002E300C85408 /* GameView.swift */; };
		A48F6DF528A0039500C85408 /* GameButton.swift in Sources */ = {isa = PBXBuildFile; fileRef = A48F6DF428A0039500C85408 /* GameButton.swift */; };
		A48F6DF728A004A400C85408 /* HomeViewModel.swift in Sources */ = {isa = PBXBuildFile; fileRef = A48F6DF628A004A400C85408 /* HomeViewModel.swift */; };
		A48F6DFA28A00A1D00C85408 /* GameSquareView.swift in Sources */ = {isa = PBXBuildFile; fileRef = A48F6DF928A00A1D00C85408 /* GameSquareView.swift */; };
		A48F6DFC28A00AA200C85408 /* PlayerIndicatorView.swift in Sources */ = {isa = PBXBuildFile; fileRef = A48F6DFB28A00AA200C85408 /* PlayerIndicatorView.swift */; };
		A48F6E0028A00C2E00C85408 /* LoadingView.swift in Sources */ = {isa = PBXBuildFile; fileRef = A48F6DFF28A00C2E00C85408 /* LoadingView.swift */; };
		A48F6E0228A00CF600C85408 /* GameViewModel.swift in Sources */ = {isa = PBXBuildFile; fileRef = A48F6E0128A00CF600C85408 /* GameViewModel.swift */; };
		A48F6E0428A00FE000C85408 /* Model.swift in Sources */ = {isa = PBXBuildFile; fileRef = A48F6E0328A00FE000C85408 /* Model.swift */; };
		A48F6E0728A0264E00C85408 /* User.swift in Sources */ = {isa = PBXBuildFile; fileRef = A48F6E0628A0264E00C85408 /* User.swift */; };
		A48F6E0A28A02E3F00C85408 /* FirebaseFirestore in Frameworks */ = {isa = PBXBuildFile; productRef = A48F6E0928A02E3F00C85408 /* FirebaseFirestore */; };
		A48F6E0C28A02E3F00C85408 /* FirebaseFirestoreCombine-Community in Frameworks */ = {isa = PBXBuildFile; productRef = A48F6E0B28A02E3F00C85408 /* FirebaseFirestoreCombine-Community */; };
		A48F6E0E28A02E3F00C85408 /* FirebaseFirestoreSwift in Frameworks */ = {isa = PBXBuildFile; productRef = A48F6E0D28A02E3F00C85408 /* FirebaseFirestoreSwift */; };
		A48F6E1028A02F8300C85408 /* GoogleService-Info.plist in Resources */ = {isa = PBXBuildFile; fileRef = A48F6E0F28A02F8300C85408 /* GoogleService-Info.plist */; };
		A48F6E1228A0320800C85408 /* FirebaseReference.swift in Sources */ = {isa = PBXBuildFile; fileRef = A48F6E1128A0320800C85408 /* FirebaseReference.swift */; };
		A48F6E1528A0333700C85408 /* FirebaseService.swift in Sources */ = {isa = PBXBuildFile; fileRef = A48F6E1428A0333700C85408 /* FirebaseService.swift */; };
/* End PBXBuildFile section */

/* Begin PBXFileReference section */
		A44C17F2289FFFFF0076EBBE /* TicTacToeOnline.app */ = {isa = PBXFileReference; explicitFileType = wrapper.application; includeInIndex = 0; path = TicTacToeOnline.app; sourceTree = BUILT_PRODUCTS_DIR; };
		A44C17F5289FFFFF0076EBBE /* TicTacToeOnlineApp.swift */ = {isa = PBXFileReference; lastKnownFileType = sourcecode.swift; path = TicTacToeOnlineApp.swift; sourceTree = "<group>"; };
		A44C17F7289FFFFF0076EBBE /* HomeView.swift */ = {isa = PBXFileReference; lastKnownFileType = sourcecode.swift; path = HomeView.swift; sourceTree = "<group>"; };
		A44C17F928A000020076EBBE /* Assets.xcassets */ = {isa = PBXFileReference; lastKnownFileType = folder.assetcatalog; path = Assets.xcassets; sourceTree = "<group>"; };
		A44C17FC28A000020076EBBE /* Preview Assets.xcassets */ = {isa = PBXFileReference; lastKnownFileType = folder.assetcatalog; path = "Preview Assets.xcassets"; sourceTree = "<group>"; };
		A48F6DF228A002E300C85408 /* GameView.swift */ = {isa = PBXFileReference; lastKnownFileType = sourcecode.swift; path = GameView.swift; sourceTree = "<group>"; };
		A48F6DF428A0039500C85408 /* GameButton.swift */ = {isa = PBXFileReference; lastKnownFileType = sourcecode.swift; path = GameButton.swift; sourceTree = "<group>"; };
		A48F6DF628A004A400C85408 /* HomeViewModel.swift */ = {isa = PBXFileReference; lastKnownFileType = sourcecode.swift; path = HomeViewModel.swift; sourceTree = "<group>"; };
		A48F6DF928A00A1D00C85408 /* GameSquareView.swift */ = {isa = PBXFileReference; lastKnownFileType = sourcecode.swift; path = GameSquareView.swift; sourceTree = "<group>"; };
		A48F6DFB28A00AA200C85408 /* PlayerIndicatorView.swift */ = {isa = PBXFileReference; lastKnownFileType = sourcecode.swift; path = PlayerIndicatorView.swift; sourceTree = "<group>"; };
		A48F6DFF28A00C2E00C85408 /* LoadingView.swift */ = {isa = PBXFileReference; lastKnownFileType = sourcecode.swift; path = LoadingView.swift; sourceTree = "<group>"; };
		A48F6E0128A00CF600C85408 /* GameViewModel.swift */ = {isa = PBXFileReference; lastKnownFileType = sourcecode.swift; path = GameViewModel.swift; sourceTree = "<group>"; };
		A48F6E0328A00FE000C85408 /* Model.swift */ = {isa = PBXFileReference; lastKnownFileType = sourcecode.swift; path = Model.swift; sourceTree = "<group>"; };
		A48F6E0628A0264E00C85408 /* User.swift */ = {isa = PBXFileReference; lastKnownFileType = sourcecode.swift; path = User.swift; sourceTree = "<group>"; };
		A48F6E0F28A02F8300C85408 /* GoogleService-Info.plist */ = {isa = PBXFileReference; fileEncoding = 4; lastKnownFileType = text.plist.xml; path = "GoogleService-Info.plist"; sourceTree = "<group>"; };
		A48F6E1128A0320800C85408 /* FirebaseReference.swift */ = {isa = PBXFileReference; lastKnownFileType = sourcecode.swift; path = FirebaseReference.swift; sourceTree = "<group>"; };
		A48F6E1428A0333700C85408 /* FirebaseService.swift */ = {isa = PBXFileReference; lastKnownFileType = sourcecode.swift; path = FirebaseService.swift; sourceTree = "<group>"; };
/* End PBXFileReference section */

/* Begin PBXFrameworksBuildPhase section */
		A44C17EF289FFFFF0076EBBE /* Frameworks */ = {
			isa = PBXFrameworksBuildPhase;
			buildActionMask = 2147483647;
			files = (
				A48F6E0A28A02E3F00C85408 /* FirebaseFirestore in Frameworks */,
				A48F6E0C28A02E3F00C85408 /* FirebaseFirestoreCombine-Community in Frameworks */,
				A48F6E0E28A02E3F00C85408 /* FirebaseFirestoreSwift in Frameworks */,
			);
			runOnlyForDeploymentPostprocessing = 0;
		};
/* End PBXFrameworksBuildPhase section */

/* Begin PBXGroup section */
		A44C17E9289FFFFF0076EBBE = {
			isa = PBXGroup;
			children = (
				A44C17F4289FFFFF0076EBBE /* TicTacToeOnline */,
				A44C17F3289FFFFF0076EBBE /* Products */,
			);
			sourceTree = "<group>";
		};
		A44C17F3289FFFFF0076EBBE /* Products */ = {
			isa = PBXGroup;
			children = (
				A44C17F2289FFFFF0076EBBE /* TicTacToeOnline.app */,
			);
			name = Products;
			sourceTree = "<group>";
		};
		A44C17F4289FFFFF0076EBBE /* TicTacToeOnline */ = {
			isa = PBXGroup;
			children = (
				A44C17F5289FFFFF0076EBBE /* TicTacToeOnlineApp.swift */,
				A48F6E1328A0321100C85408 /* FirebaseHelpers */,
				A48F6E0F28A02F8300C85408 /* GoogleService-Info.plist */,
				A48F6E0528A00FE800C85408 /* ModelFolder */,
				A48F6DF828A0057C00C85408 /* HomeView */,
				A48F6DFD28A00AC200C85408 /* GameView */,
				A48F6DFE28A00ACB00C85408 /* SecondaryViews */,
				A44C17F928A000020076EBBE /* Assets.xcassets */,
				A44C17FB28A000020076EBBE /* Preview Content */,
			);
			path = TicTacToeOnline;
			sourceTree = "<group>";
		};
		A44C17FB28A000020076EBBE /* Preview Content */ = {
			isa = PBXGroup;
			children = (
				A44C17FC28A000020076EBBE /* Preview Assets.xcassets */,
			);
			path = "Preview Content";
			sourceTree = "<group>";
		};
		A48F6DF828A0057C00C85408 /* HomeView */ = {
			isa = PBXGroup;
			children = (
				A44C17F7289FFFFF0076EBBE /* HomeView.swift */,
				A48F6DF628A004A400C85408 /* HomeViewModel.swift */,
			);
			path = HomeView;
			sourceTree = "<group>";
		};
		A48F6DFD28A00AC200C85408 /* GameView */ = {
			isa = PBXGroup;
			children = (
				A48F6DF228A002E300C85408 /* GameView.swift */,
				A48F6E0128A00CF600C85408 /* GameViewModel.swift */,
			);
			path = GameView;
			sourceTree = "<group>";
		};
		A48F6DFE28A00ACB00C85408 /* SecondaryViews */ = {
			isa = PBXGroup;
			children = (
				A48F6DF428A0039500C85408 /* GameButton.swift */,
				A48F6DF928A00A1D00C85408 /* GameSquareView.swift */,
				A48F6DFB28A00AA200C85408 /* PlayerIndicatorView.swift */,
				A48F6DFF28A00C2E00C85408 /* LoadingView.swift */,
			);
			path = SecondaryViews;
			sourceTree = "<group>";
		};
		A48F6E0528A00FE800C85408 /* ModelFolder */ = {
			isa = PBXGroup;
			children = (
				A48F6E0328A00FE000C85408 /* Model.swift */,
				A48F6E0628A0264E00C85408 /* User.swift */,
			);
			path = ModelFolder;
			sourceTree = "<group>";
		};
		A48F6E1328A0321100C85408 /* FirebaseHelpers */ = {
			isa = PBXGroup;
			children = (
				A48F6E1128A0320800C85408 /* FirebaseReference.swift */,
				A48F6E1428A0333700C85408 /* FirebaseService.swift */,
			);
			path = FirebaseHelpers;
			sourceTree = "<group>";
		};
/* End PBXGroup section */

/* Begin PBXNativeTarget section */
		A44C17F1289FFFFF0076EBBE /* TicTacToeOnline */ = {
			isa = PBXNativeTarget;
			buildConfigurationList = A44C180028A000020076EBBE /* Build configuration list for PBXNativeTarget "TicTacToeOnline" */;
			buildPhases = (
				A44C17EE289FFFFF0076EBBE /* Sources */,
				A44C17EF289FFFFF0076EBBE /* Frameworks */,
				A44C17F0289FFFFF0076EBBE /* Resources */,
			);
			buildRules = (
			);
			dependencies = (
			);
			name = TicTacToeOnline;
			packageProductDependencies = (
				A48F6E0928A02E3F00C85408 /* FirebaseFirestore */,
				A48F6E0B28A02E3F00C85408 /* FirebaseFirestoreCombine-Community */,
				A48F6E0D28A02E3F00C85408 /* FirebaseFirestoreSwift */,
			);
			productName = TicTacToeOnline;
			productReference = A44C17F2289FFFFF0076EBBE /* TicTacToeOnline.app */;
			productType = "com.apple.product-type.application";
		};
/* End PBXNativeTarget section */

/* Begin PBXProject section */
		A44C17EA289FFFFF0076EBBE /* Project object */ = {
			isa = PBXProject;
			attributes = {
				BuildIndependentTargetsInParallel = 1;
				LastSwiftUpdateCheck = 1340;
				LastUpgradeCheck = 1340;
				TargetAttributes = {
					A44C17F1289FFFFF0076EBBE = {
						CreatedOnToolsVersion = 13.4.1;
					};
				};
			};
			buildConfigurationList = A44C17ED289FFFFF0076EBBE /* Build configuration list for PBXProject "TicTacToeOnline" */;
			compatibilityVersion = "Xcode 13.0";
			developmentRegion = en;
			hasScannedForEncodings = 0;
			knownRegions = (
				en,
				Base,
			);
			mainGroup = A44C17E9289FFFFF0076EBBE;
			packageReferences = (
				A48F6E0828A02E3F00C85408 /* XCRemoteSwiftPackageReference "firebase-ios-sdk" */,
			);
			productRefGroup = A44C17F3289FFFFF0076EBBE /* Products */;
			projectDirPath = "";
			projectRoot = "";
			targets = (
				A44C17F1289FFFFF0076EBBE /* TicTacToeOnline */,
			);
		};
/* End PBXProject section */

/* Begin PBXResourcesBuildPhase section */
		A44C17F0289FFFFF0076EBBE /* Resources */ = {
			isa = PBXResourcesBuildPhase;
			buildActionMask = 2147483647;
			files = (
				A44C17FD28A000020076EBBE /* Preview Assets.xcassets in Resources */,
				A44C17FA28A000020076EBBE /* Assets.xcassets in Resources */,
				A48F6E1028A02F8300C85408 /* GoogleService-Info.plist in Resources */,
			);
			runOnlyForDeploymentPostprocessing = 0;
		};
/* End PBXResourcesBuildPhase section */

/* Begin PBXSourcesBuildPhase section */
		A44C17EE289FFFFF0076EBBE /* Sources */ = {
			isa = PBXSourcesBuildPhase;
			buildActionMask = 2147483647;
			files = (
				A48F6E0228A00CF600C85408 /* GameViewModel.swift in Sources */,
				A44C17F8289FFFFF0076EBBE /* HomeView.swift in Sources */,
				A48F6DFC28A00AA200C85408 /* PlayerIndicatorView.swift in Sources */,
				A48F6DF528A0039500C85408 /* GameButton.swift in Sources */,
				A48F6DF328A002E300C85408 /* GameView.swift in Sources */,
				A48F6E0428A00FE000C85408 /* Model.swift in Sources */,
				A48F6DFA28A00A1D00C85408 /* GameSquareView.swift in Sources */,
				A48F6E1528A0333700C85408 /* FirebaseService.swift in Sources */,
				A48F6E0028A00C2E00C85408 /* LoadingView.swift in Sources */,
				A48F6DF728A004A400C85408 /* HomeViewModel.swift in Sources */,
				A44C17F6289FFFFF0076EBBE /* TicTacToeOnlineApp.swift in Sources */,
				A48F6E1228A0320800C85408 /* FirebaseReference.swift in Sources */,
				A48F6E0728A0264E00C85408 /* User.swift in Sources */,
			);
			runOnlyForDeploymentPostprocessing = 0;
		};
/* End PBXSourcesBuildPhase section */

/* Begin XCBuildConfiguration section */
		A44C17FE28A000020076EBBE /* Debug */ = {
			isa = XCBuildConfiguration;
			buildSettings = {
				ALWAYS_SEARCH_USER_PATHS = NO;
				CLANG_ANALYZER_NONNULL = YES;
				CLANG_ANALYZER_NUMBER_OBJECT_CONVERSION = YES_AGGRESSIVE;
				CLANG_CXX_LANGUAGE_STANDARD = "gnu++17";
				CLANG_ENABLE_MODULES = YES;
				CLANG_ENABLE_OBJC_ARC = YES;
				CLANG_ENABLE_OBJC_WEAK = YES;
				CLANG_WARN_BLOCK_CAPTURE_AUTORELEASING = YES;
				CLANG_WARN_BOOL_CONVERSION = YES;
				CLANG_WARN_COMMA = YES;
				CLANG_WARN_CONSTANT_CONVERSION = YES;
				CLANG_WARN_DEPRECATED_OBJC_IMPLEMENTATIONS = YES;
				CLANG_WARN_DIRECT_OBJC_ISA_USAGE = YES_ERROR;
				CLANG_WARN_DOCUMENTATION_COMMENTS = YES;
				CLANG_WARN_EMPTY_BODY = YES;
				CLANG_WARN_ENUM_CONVERSION = YES;
				CLANG_WARN_INFINITE_RECURSION = YES;
				CLANG_WARN_INT_CONVERSION = YES;
				CLANG_WARN_NON_LITERAL_NULL_CONVERSION = YES;
				CLANG_WARN_OBJC_IMPLICIT_RETAIN_SELF = YES;
				CLANG_WARN_OBJC_LITERAL_CONVERSION = YES;
				CLANG_WARN_OBJC_ROOT_CLASS = YES_ERROR;
				CLANG_WARN_QUOTED_INCLUDE_IN_FRAMEWORK_HEADER = YES;
				CLANG_WARN_RANGE_LOOP_ANALYSIS = YES;
				CLANG_WARN_STRICT_PROTOTYPES = YES;
				CLANG_WARN_SUSPICIOUS_MOVE = YES;
				CLANG_WARN_UNGUARDED_AVAILABILITY = YES_AGGRESSIVE;
				CLANG_WARN_UNREACHABLE_CODE = YES;
				CLANG_WARN__DUPLICATE_METHOD_MATCH = YES;
				COPY_PHASE_STRIP = NO;
				DEBUG_INFORMATION_FORMAT = dwarf;
				ENABLE_STRICT_OBJC_MSGSEND = YES;
				ENABLE_TESTABILITY = YES;
				GCC_C_LANGUAGE_STANDARD = gnu11;
				GCC_DYNAMIC_NO_PIC = NO;
				GCC_NO_COMMON_BLOCKS = YES;
				GCC_OPTIMIZATION_LEVEL = 0;
				GCC_PREPROCESSOR_DEFINITIONS = (
					"DEBUG=1",
					"$(inherited)",
				);
				GCC_WARN_64_TO_32_BIT_CONVERSION = YES;
				GCC_WARN_ABOUT_RETURN_TYPE = YES_ERROR;
				GCC_WARN_UNDECLARED_SELECTOR = YES;
				GCC_WARN_UNINITIALIZED_AUTOS = YES_AGGRESSIVE;
				GCC_WARN_UNUSED_FUNCTION = YES;
				GCC_WARN_UNUSED_VARIABLE = YES;
				IPHONEOS_DEPLOYMENT_TARGET = 15.5;
				MTL_ENABLE_DEBUG_INFO = INCLUDE_SOURCE;
				MTL_FAST_MATH = YES;
				ONLY_ACTIVE_ARCH = YES;
				SDKROOT = iphoneos;
				SWIFT_ACTIVE_COMPILATION_CONDITIONS = DEBUG;
				SWIFT_OPTIMIZATION_LEVEL = "-Onone";
			};
			name = Debug;
		};
		A44C17FF28A000020076EBBE /* Release */ = {
			isa = XCBuildConfiguration;
			buildSettings = {
				ALWAYS_SEARCH_USER_PATHS = NO;
				CLANG_ANALYZER_NONNULL = YES;
				CLANG_ANALYZER_NUMBER_OBJECT_CONVERSION = YES_AGGRESSIVE;
				CLANG_CXX_LANGUAGE_STANDARD = "gnu++17";
				CLANG_ENABLE_MODULES = YES;
				CLANG_ENABLE_OBJC_ARC = YES;
				CLANG_ENABLE_OBJC_WEAK = YES;
				CLANG_WARN_BLOCK_CAPTURE_AUTORELEASING = YES;
				CLANG_WARN_BOOL_CONVERSION = YES;
				CLANG_WARN_COMMA = YES;
				CLANG_WARN_CONSTANT_CONVERSION = YES;
				CLANG_WARN_DEPRECATED_OBJC_IMPLEMENTATIONS = YES;
				CLANG_WARN_DIRECT_OBJC_ISA_USAGE = YES_ERROR;
				CLANG_WARN_DOCUMENTATION_COMMENTS = YES;
				CLANG_WARN_EMPTY_BODY = YES;
				CLANG_WARN_ENUM_CONVERSION = YES;
				CLANG_WARN_INFINITE_RECURSION = YES;
				CLANG_WARN_INT_CONVERSION = YES;
				CLANG_WARN_NON_LITERAL_NULL_CONVERSION = YES;
				CLANG_WARN_OBJC_IMPLICIT_RETAIN_SELF = YES;
				CLANG_WARN_OBJC_LITERAL_CONVERSION = YES;
				CLANG_WARN_OBJC_ROOT_CLASS = YES_ERROR;
				CLANG_WARN_QUOTED_INCLUDE_IN_FRAMEWORK_HEADER = YES;
				CLANG_WARN_RANGE_LOOP_ANALYSIS = YES;
				CLANG_WARN_STRICT_PROTOTYPES = YES;
				CLANG_WARN_SUSPICIOUS_MOVE = YES;
				CLANG_WARN_UNGUARDED_AVAILABILITY = YES_AGGRESSIVE;
				CLANG_WARN_UNREACHABLE_CODE = YES;
				CLANG_WARN__DUPLICATE_METHOD_MATCH = YES;
				COPY_PHASE_STRIP = NO;
				DEBUG_INFORMATION_FORMAT = "dwarf-with-dsym";
				ENABLE_NS_ASSERTIONS = NO;
				ENABLE_STRICT_OBJC_MSGSEND = YES;
				GCC_C_LANGUAGE_STANDARD = gnu11;
				GCC_NO_COMMON_BLOCKS = YES;
				GCC_WARN_64_TO_32_BIT_CONVERSION = YES;
				GCC_WARN_ABOUT_RETURN_TYPE = YES_ERROR;
				GCC_WARN_UNDECLARED_SELECTOR = YES;
				GCC_WARN_UNINITIALIZED_AUTOS = YES_AGGRESSIVE;
				GCC_WARN_UNUSED_FUNCTION = YES;
				GCC_WARN_UNUSED_VARIABLE = YES;
				IPHONEOS_DEPLOYMENT_TARGET = 15.5;
				MTL_ENABLE_DEBUG_INFO = NO;
				MTL_FAST_MATH = YES;
				SDKROOT = iphoneos;
				SWIFT_COMPILATION_MODE = wholemodule;
				SWIFT_OPTIMIZATION_LEVEL = "-O";
				VALIDATE_PRODUCT = YES;
			};
			name = Release;
		};
		A44C180128A000020076EBBE /* Debug */ = {
			isa = XCBuildConfiguration;
			buildSettings = {
				ASSETCATALOG_COMPILER_APPICON_NAME = AppIcon;
				ASSETCATALOG_COMPILER_GLOBAL_ACCENT_COLOR_NAME = AccentColor;
				CODE_SIGN_STYLE = Automatic;
				CURRENT_PROJECT_VERSION = 1;
				DEVELOPMENT_ASSET_PATHS = "\"TicTacToeOnline/Preview Content\"";
				DEVELOPMENT_TEAM = W9N5S557F2;
				ENABLE_PREVIEWS = YES;
				GENERATE_INFOPLIST_FILE = YES;
				INFOPLIST_KEY_UIApplicationSceneManifest_Generation = YES;
				INFOPLIST_KEY_UIApplicationSupportsIndirectInputEvents = YES;
				INFOPLIST_KEY_UILaunchScreen_Generation = YES;
				INFOPLIST_KEY_UISupportedInterfaceOrientations_iPad = "UIInterfaceOrientationPortrait UIInterfaceOrientationPortraitUpsideDown UIInterfaceOrientationLandscapeLeft UIInterfaceOrientationLandscapeRight";
				INFOPLIST_KEY_UISupportedInterfaceOrientations_iPhone = "UIInterfaceOrientationPortrait UIInterfaceOrientationLandscapeLeft UIInterfaceOrientationLandscapeRight";
				LD_RUNPATH_SEARCH_PATHS = (
					"$(inherited)",
					"@executable_path/Frameworks",
				);
				MARKETING_VERSION = 1.0;
				PRODUCT_BUNDLE_IDENTIFIER = com.xerova.TicTacToeOnline;
				PRODUCT_NAME = "$(TARGET_NAME)";
				SWIFT_EMIT_LOC_STRINGS = YES;
				SWIFT_VERSION = 5.0;
				TARGETED_DEVICE_FAMILY = "1,2";
			};
			name = Debug;
		};
		A44C180228A000020076EBBE /* Release */ = {
			isa = XCBuildConfiguration;
			buildSettings = {
				ASSETCATALOG_COMPILER_APPICON_NAME = AppIcon;
				ASSETCATALOG_COMPILER_GLOBAL_ACCENT_COLOR_NAME = AccentColor;
				CODE_SIGN_STYLE = Automatic;
				CURRENT_PROJECT_VERSION = 1;
				DEVELOPMENT_ASSET_PATHS = "\"TicTacToeOnline/Preview Content\"";
				DEVELOPMENT_TEAM = W9N5S557F2;
				ENABLE_PREVIEWS = YES;
				GENERATE_INFOPLIST_FILE = YES;
				INFOPLIST_KEY_UIApplicationSceneManifest_Generation = YES;
				INFOPLIST_KEY_UIApplicationSupportsIndirectInputEvents = YES;
				INFOPLIST_KEY_UILaunchScreen_Generation = YES;
				INFOPLIST_KEY_UISupportedInterfaceOrientations_iPad = "UIInterfaceOrientationPortrait UIInterfaceOrientationPortraitUpsideDown UIInterfaceOrientationLandscapeLeft UIInterfaceOrientationLandscapeRight";
				INFOPLIST_KEY_UISupportedInterfaceOrientations_iPhone = "UIInterfaceOrientationPortrait UIInterfaceOrientationLandscapeLeft UIInterfaceOrientationLandscapeRight";
				LD_RUNPATH_SEARCH_PATHS = (
					"$(inherited)",
					"@executable_path/Frameworks",
				);
				MARKETING_VERSION = 1.0;
				PRODUCT_BUNDLE_IDENTIFIER = com.xerova.TicTacToeOnline;
				PRODUCT_NAME = "$(TARGET_NAME)";
				SWIFT_EMIT_LOC_STRINGS = YES;
				SWIFT_VERSION = 5.0;
				TARGETED_DEVICE_FAMILY = "1,2";
			};
			name = Release;
		};
/* End XCBuildConfiguration section */

/* Begin XCConfigurationList section */
		A44C17ED289FFFFF0076EBBE /* Build configuration list for PBXProject "TicTacToeOnline" */ = {
			isa = XCConfigurationList;
			buildConfigurations = (
				A44C17FE28A000020076EBBE /* Debug */,
				A44C17FF28A000020076EBBE /* Release */,
			);
			defaultConfigurationIsVisible = 0;
			defaultConfigurationName = Release;
		};
		A44C180028A000020076EBBE /* Build configuration list for PBXNativeTarget "TicTacToeOnline" */ = {
			isa = XCConfigurationList;
			buildConfigurations = (
				A44C180128A000020076EBBE /* Debug */,
				A44C180228A000020076EBBE /* Release */,
			);
			defaultConfigurationIsVisible = 0;
			defaultConfigurationName = Release;
		};
/* End XCConfigurationList section */

/* Begin XCRemoteSwiftPackageReference section */
		A48F6E0828A02E3F00C85408 /* XCRemoteSwiftPackageReference "firebase-ios-sdk" */ = {
			isa = XCRemoteSwiftPackageReference;
			repositoryURL = "https://github.com/firebase/firebase-ios-sdk";
			requirement = {
				kind = upToNextMajorVersion;
				minimumVersion = 9.0.0;
			};
		};
/* End XCRemoteSwiftPackageReference section */

/* Begin XCSwiftPackageProductDependency section */
		A48F6E0928A02E3F00C85408 /* FirebaseFirestore */ = {
			isa = XCSwiftPackageProductDependency;
			package = A48F6E0828A02E3F00C85408 /* XCRemoteSwiftPackageReference "firebase-ios-sdk" */;
			productName = FirebaseFirestore;
		};
		A48F6E0B28A02E3F00C85408 /* FirebaseFirestoreCombine-Community */ = {
			isa = XCSwiftPackageProductDependency;
			package = A48F6E0828A02E3F00C85408 /* XCRemoteSwiftPackageReference "firebase-ios-sdk" */;
			productName = "FirebaseFirestoreCombine-Community";
		};
		A48F6E0D28A02E3F00C85408 /* FirebaseFirestoreSwift */ = {
			isa = XCSwiftPackageProductDependency;
			package = A48F6E0828A02E3F00C85408 /* XCRemoteSwiftPackageReference "firebase-ios-sdk" */;
			productName = FirebaseFirestoreSwift;
		};
/* End XCSwiftPackageProductDependency section */
	};
	rootObject = A44C17EA289FFFFF0076EBBE /* Project object */;
}
